
Microsoft Visual Studio Solution File, Format Version 12.00
# Visual Studio Version 16
VisualStudioVersion = 16.0.30114.105
MinimumVisualStudioVersion = 10.0.40219.1
Project("{2150E333-8FDC-42A3-9474-1A3956D46DE8}") = "src", "src", "{5236F3CE-00E0-4EA3-94F4-987D3B2ECEBC}"
EndProject
Project("{FAE04EC0-301F-11D3-BF4B-00C04F79EFBC}") = "SimpleAPI", "src\SimpleAPI\SimpleAPI.csproj", "{EC8E67F5-5245-47E0-BFB6-61D1275F2A59}"
EndProject
Project("{2150E333-8FDC-42A3-9474-1A3956D46DE8}") = "test", "test", "{66AF138D-D8C9-4759-BE25-AC5EBB491E0F}"
EndProject
Project("{FAE04EC0-301F-11D3-BF4B-00C04F79EFBC}") = "SimpleAPI.Test", "test\SimpleAPI.Test\SimpleAPI.Test.csproj", "{58756B32-E222-43D7-8820-2A9A1C28B11A}"
EndProject
Global
	GlobalSection(SolutionConfigurationPlatforms) = preSolution
		Debug|Any CPU = Debug|Any CPU
		Debug|x64 = Debug|x64
		Debug|x86 = Debug|x86
		Release|Any CPU = Release|Any CPU
		Release|x64 = Release|x64
		Release|x86 = Release|x86
	EndGlobalSection
	GlobalSection(SolutionProperties) = preSolution
		HideSolutionNode = FALSE
	EndGlobalSection
	GlobalSection(ProjectConfigurationPlatforms) = postSolution
		{EC8E67F5-5245-47E0-BFB6-61D1275F2A59}.Debug|Any CPU.ActiveCfg = Debug|Any CPU
		{EC8E67F5-5245-47E0-BFB6-61D1275F2A59}.Debug|Any CPU.Build.0 = Debug|Any CPU
		{EC8E67F5-5245-47E0-BFB6-61D1275F2A59}.Debug|x64.ActiveCfg = Debug|Any CPU
		{EC8E67F5-5245-47E0-BFB6-61D1275F2A59}.Debug|x64.Build.0 = Debug|Any CPU
		{EC8E67F5-5245-47E0-BFB6-61D1275F2A59}.Debug|x86.ActiveCfg = Debug|Any CPU
		{EC8E67F5-5245-47E0-BFB6-61D1275F2A59}.Debug|x86.Build.0 = Debug|Any CPU
		{EC8E67F5-5245-47E0-BFB6-61D1275F2A59}.Release|Any CPU.ActiveCfg = Release|Any CPU
		{EC8E67F5-5245-47E0-BFB6-61D1275F2A59}.Release|Any CPU.Build.0 = Release|Any CPU
		{EC8E67F5-5245-47E0-BFB6-61D1275F2A59}.Release|x64.ActiveCfg = Release|Any CPU
		{EC8E67F5-5245-47E0-BFB6-61D1275F2A59}.Release|x64.Build.0 = Release|Any CPU
		{EC8E67F5-5245-47E0-BFB6-61D1275F2A59}.Release|x86.ActiveCfg = Release|Any CPU
		{EC8E67F5-5245-47E0-BFB6-61D1275F2A59}.Release|x86.Build.0 = Release|Any CPU
		{58756B32-E222-43D7-8820-2A9A1C28B11A}.Debug|Any CPU.ActiveCfg = Debug|Any CPU
		{58756B32-E222-43D7-8820-2A9A1C28B11A}.Debug|Any CPU.Build.0 = Debug|Any CPU
		{58756B32-E222-43D7-8820-2A9A1C28B11A}.Debug|x64.ActiveCfg = Debug|Any CPU
		{58756B32-E222-43D7-8820-2A9A1C28B11A}.Debug|x64.Build.0 = Debug|Any CPU
		{58756B32-E222-43D7-8820-2A9A1C28B11A}.Debug|x86.ActiveCfg = Debug|Any CPU
		{58756B32-E222-43D7-8820-2A9A1C28B11A}.Debug|x86.Build.0 = Debug|Any CPU
		{58756B32-E222-43D7-8820-2A9A1C28B11A}.Release|Any CPU.ActiveCfg = Release|Any CPU
		{58756B32-E222-43D7-8820-2A9A1C28B11A}.Release|Any CPU.Build.0 = Release|Any CPU
		{58756B32-E222-43D7-8820-2A9A1C28B11A}.Release|x64.ActiveCfg = Release|Any CPU
		{58756B32-E222-43D7-8820-2A9A1C28B11A}.Release|x64.Build.0 = Release|Any CPU
		{58756B32-E222-43D7-8820-2A9A1C28B11A}.Release|x86.ActiveCfg = Release|Any CPU
		{58756B32-E222-43D7-8820-2A9A1C28B11A}.Release|x86.Build.0 = Release|Any CPU
	EndGlobalSection
	GlobalSection(NestedProjects) = preSolution
		{EC8E67F5-5245-47E0-BFB6-61D1275F2A59} = {5236F3CE-00E0-4EA3-94F4-987D3B2ECEBC}
		{58756B32-E222-43D7-8820-2A9A1C28B11A} = {66AF138D-D8C9-4759-BE25-AC5EBB491E0F}
	EndGlobalSection
EndGlobal
